PODS:
  - lottie-ios (4.0.1)
  - Toaster (2.3.0)

DEPENDENCIES:
  - lottie-ios
  - Toaster

SPEC REPOS:
  trunk:
    - lottie-ios
    - Toaster

SPEC CHECKSUMS:
  lottie-ios: 54d22edf55b839f0929cabbfe609c9aa548b1145
  Toaster: c3473963c78e8cabbf6ea6f11ad0fdaae6f54987

PODFILE CHECKSUM: 97e431d27925bd0e87e0a1f66a778190a69bfa59

COCOAPODS: 1.11.3
